
Microsoft Visual Studio Solution File, Format Version 12.00
# Visual Studio Version 17
VisualStudioVersion = 17.13.35931.197
MinimumVisualStudioVersion = 10.0.40219.1
Project("{2150E333-8FDC-42A3-9474-1A3956D46DE8}") = "Solution Items", "Solution Items", "{8EC462FD-D22E-90A8-E5CE-7E832BA40C5D}"
	ProjectSection(SolutionItems) = preProject
		README.md = README.md
	EndProjectSection
EndProject
Project("{FAE04EC0-301F-11D3-BF4B-00C04F79EFBC}") = "Rag.SemanticKernel.WebApi", "Rag.SemanticKernel.WebApi\Rag.SemanticKernel.WebApi.csproj", "{45694E5A-B7E3-4707-8D49-9CF4538CBEDB}"
EndProject
Project("{FAE04EC0-301F-11D3-BF4B-00C04F79EFBC}") = "Elastic.SemanticKernel.Connectors.Elasticsearch", "semantic-kernel-net\Elastic.SemanticKernel.Connectors.Elasticsearch\Elastic.SemanticKernel.Connectors.Elasticsearch.csproj", "{FAF7DD3B-F311-2451-9A3B-9F2982E8FA3E}"
EndProject
Project("{FAE04EC0-301F-11D3-BF4B-00C04F79EFBC}") = "Rag.SemanticKernel.App", "Rag.SemanticKernel.App\Rag.SemanticKernel.App.csproj", "{5A1DE3A6-809A-CC8E-4A17-98DFBD3D9A4D}"
EndProject
Project("{FAE04EC0-301F-11D3-BF4B-00C04F79EFBC}") = "Rag.SemanticKernel.Startup.ConsoleApp", "Rag.SemanticKernel.Startup.ConsoleApp\Rag.SemanticKernel.Startup.ConsoleApp.csproj", "{B0677E8C-5C0C-43E5-8FC0-85327DE83754}"
EndProject
Project("{FAE04EC0-301F-11D3-BF4B-00C04F79EFBC}") = "Rag.SemanticKernel.Startup.WebApp", "Rag.SemanticKernel.Startup.WebApp\Rag.SemanticKernel.Startup.WebApp.csproj", "{C1E849EF-88BC-4B59-ABC2-D1A4A6E0E5C9}"
EndProject
Project("{FAE04EC0-301F-11D3-BF4B-00C04F79EFBC}") = "Rag.SemanticKernel.AppSettings", "Rag.SemanticKernel.AppSettings\Rag.SemanticKernel.AppSettings.csproj", "{259D0BCD-C2D6-81E4-926D-011C8EEC23F8}"
EndProject
Project("{FAE04EC0-301F-11D3-BF4B-00C04F79EFBC}") = "Rag.SemanticKernel.Rest", "Rag.SemanticKernel.Rest\Rag.SemanticKernel.Rest.csproj", "{2A668CBF-7C24-9A0B-8C8B-FB80684E6A96}"
EndProject
Project("{FAE04EC0-301F-11D3-BF4B-00C04F79EFBC}") = "Rag.SemanticKernel.Guards", "Rag.SemanticKernel.Guards\Rag.SemanticKernel.Guards.csproj", "{86844866-4873-A27E-CBBD-BC574D78EE72}"
EndProject
Project("{FAE04EC0-301F-11D3-BF4B-00C04F79EFBC}") = "Rag.SemanticKernel.Llm.Mistral", "Rag.SemanticKernel.Llm.Mistral\Rag.SemanticKernel.Llm.Mistral.csproj", "{4DE584D9-253D-4CCC-B847-12A5E6699D34}"
EndProject
Project("{FAE04EC0-301F-11D3-BF4B-00C04F79EFBC}") = "Rag.SemanticKernel.Llm.Azure", "Rag.SemanticKernel.Llm.Azure\Rag.SemanticKernel.Llm.Azure.csproj", "{DCFD319A-E4CC-447D-BA8C-9540E6DFF379}"
EndProject
Project("{FAE04EC0-301F-11D3-BF4B-00C04F79EFBC}") = "Rag.SemanticKernel.Parser.Markdown", "Rag.SemanticKernel.Parser.Markdown\Rag.SemanticKernel.Parser.Markdown.csproj", "{171D7F68-E332-4827-AC52-17DA97D4572A}"
EndProject
Project("{FAE04EC0-301F-11D3-BF4B-00C04F79EFBC}") = "Rag.SemanticKernel.Abstractions", "Rag.SemanticKernel.Abstractions\Rag.SemanticKernel.Abstractions.csproj", "{CFC1D768-E8CF-419F-90B1-875916D09DD9}"
EndProject
Project("{FAE04EC0-301F-11D3-BF4B-00C04F79EFBC}") = "Rag.SemanticKernel.Template.Handlebar", "Rag.SemanticKernel.Template.Handlebar\Rag.SemanticKernel.Template.Handlebar.csproj", "{F3FD3C43-4569-4100-8D70-46A0509741FE}"
EndProject
Project("{FAE04EC0-301F-11D3-BF4B-00C04F79EFBC}") = "Rag.SemanticKernel.Logger.Extensions", "Rag.SemanticKernel.Logger.Extensions\Rag.SemanticKernel.Logger.Extensions.csproj", "{FC2C5C33-9671-4F16-9D1C-D802D1A21D14}"
EndProject
Project("{FAE04EC0-301F-11D3-BF4B-00C04F79EFBC}") = "Rag.SemanticKernel.Model", "Rag.SemanticKernel.Model\Rag.SemanticKernel.Model.csproj", "{5E454E46-6E52-9BA6-D58B-81A346FEB6F4}"
EndProject
Project("{FAE04EC0-301F-11D3-BF4B-00C04F79EFBC}") = "Rag.SemanticKernel.Llm.Core", "Rag.SemanticKernel.Llm.Core\Rag.SemanticKernel.Llm.Core.csproj", "{2D833FE9-0817-4187-A4A2-8B30E6D5B0E3}"
EndProject
Project("{FAE04EC0-301F-11D3-BF4B-00C04F79EFBC}") = "Rag.SemanticKernel.CommandLine", "Rag.SemanticKernel.CommandLine\Rag.SemanticKernel.CommandLine.csproj", "{6D8969C5-2391-4FFE-AAD6-1F41FF814A97}"
EndProject
Global
	GlobalSection(SolutionConfigurationPlatforms) = preSolution
		Debug|Any CPU = Debug|Any CPU
		Debug|x64 = Debug|x64
		Debug|x86 = Debug|x86
		Release|Any CPU = Release|Any CPU
		Release|x64 = Release|x64
		Release|x86 = Release|x86
	EndGlobalSection
	GlobalSection(ProjectConfigurationPlatforms) = postSolution
		{45694E5A-B7E3-4707-8D49-9CF4538CBEDB}.Debug|Any CPU.ActiveCfg = Debug|Any CPU
		{45694E5A-B7E3-4707-8D49-9CF4538CBEDB}.Debug|Any CPU.Build.0 = Debug|Any CPU
		{45694E5A-B7E3-4707-8D49-9CF4538CBEDB}.Debug|x64.ActiveCfg = Debug|Any CPU
		{45694E5A-B7E3-4707-8D49-9CF4538CBEDB}.Debug|x64.Build.0 = Debug|Any CPU
		{45694E5A-B7E3-4707-8D49-9CF4538CBEDB}.Debug|x86.ActiveCfg = Debug|Any CPU
		{45694E5A-B7E3-4707-8D49-9CF4538CBEDB}.Debug|x86.Build.0 = Debug|Any CPU
		{45694E5A-B7E3-4707-8D49-9CF4538CBEDB}.Release|Any CPU.ActiveCfg = Release|Any CPU
		{45694E5A-B7E3-4707-8D49-9CF4538CBEDB}.Release|Any CPU.Build.0 = Release|Any CPU
		{45694E5A-B7E3-4707-8D49-9CF4538CBEDB}.Release|x64.ActiveCfg = Release|Any CPU
		{45694E5A-B7E3-4707-8D49-9CF4538CBEDB}.Release|x64.Build.0 = Release|Any CPU
		{45694E5A-B7E3-4707-8D49-9CF4538CBEDB}.Release|x86.ActiveCfg = Release|Any CPU
		{45694E5A-B7E3-4707-8D49-9CF4538CBEDB}.Release|x86.Build.0 = Release|Any CPU
		{FAF7DD3B-F311-2451-9A3B-9F2982E8FA3E}.Debug|Any CPU.ActiveCfg = Debug|Any CPU
		{FAF7DD3B-F311-2451-9A3B-9F2982E8FA3E}.Debug|Any CPU.Build.0 = Debug|Any CPU
		{FAF7DD3B-F311-2451-9A3B-9F2982E8FA3E}.Debug|x64.ActiveCfg = Debug|Any CPU
		{FAF7DD3B-F311-2451-9A3B-9F2982E8FA3E}.Debug|x64.Build.0 = Debug|Any CPU
		{FAF7DD3B-F311-2451-9A3B-9F2982E8FA3E}.Debug|x86.ActiveCfg = Debug|Any CPU
		{FAF7DD3B-F311-2451-9A3B-9F2982E8FA3E}.Debug|x86.Build.0 = Debug|Any CPU
		{FAF7DD3B-F311-2451-9A3B-9F2982E8FA3E}.Release|Any CPU.ActiveCfg = Release|Any CPU
		{FAF7DD3B-F311-2451-9A3B-9F2982E8FA3E}.Release|Any CPU.Build.0 = Release|Any CPU
		{FAF7DD3B-F311-2451-9A3B-9F2982E8FA3E}.Release|x64.ActiveCfg = Release|Any CPU
		{FAF7DD3B-F311-2451-9A3B-9F2982E8FA3E}.Release|x64.Build.0 = Release|Any CPU
		{FAF7DD3B-F311-2451-9A3B-9F2982E8FA3E}.Release|x86.ActiveCfg = Release|Any CPU
		{FAF7DD3B-F311-2451-9A3B-9F2982E8FA3E}.Release|x86.Build.0 = Release|Any CPU
		{5A1DE3A6-809A-CC8E-4A17-98DFBD3D9A4D}.Debug|Any CPU.ActiveCfg = Debug|Any CPU
		{5A1DE3A6-809A-CC8E-4A17-98DFBD3D9A4D}.Debug|Any CPU.Build.0 = Debug|Any CPU
		{5A1DE3A6-809A-CC8E-4A17-98DFBD3D9A4D}.Debug|x64.ActiveCfg = Debug|Any CPU
		{5A1DE3A6-809A-CC8E-4A17-98DFBD3D9A4D}.Debug|x64.Build.0 = Debug|Any CPU
		{5A1DE3A6-809A-CC8E-4A17-98DFBD3D9A4D}.Debug|x86.ActiveCfg = Debug|Any CPU
		{5A1DE3A6-809A-CC8E-4A17-98DFBD3D9A4D}.Debug|x86.Build.0 = Debug|Any CPU
		{5A1DE3A6-809A-CC8E-4A17-98DFBD3D9A4D}.Release|Any CPU.ActiveCfg = Release|Any CPU
		{5A1DE3A6-809A-CC8E-4A17-98DFBD3D9A4D}.Release|Any CPU.Build.0 = Release|Any CPU
		{5A1DE3A6-809A-CC8E-4A17-98DFBD3D9A4D}.Release|x64.ActiveCfg = Release|Any CPU
		{5A1DE3A6-809A-CC8E-4A17-98DFBD3D9A4D}.Release|x64.Build.0 = Release|Any CPU
		{5A1DE3A6-809A-CC8E-4A17-98DFBD3D9A4D}.Release|x86.ActiveCfg = Release|Any CPU
		{5A1DE3A6-809A-CC8E-4A17-98DFBD3D9A4D}.Release|x86.Build.0 = Release|Any CPU
		{B0677E8C-5C0C-43E5-8FC0-85327DE83754}.Debug|Any CPU.ActiveCfg = Debug|Any CPU
		{B0677E8C-5C0C-43E5-8FC0-85327DE83754}.Debug|Any CPU.Build.0 = Debug|Any CPU
		{B0677E8C-5C0C-43E5-8FC0-85327DE83754}.Debug|x64.ActiveCfg = Debug|Any CPU
		{B0677E8C-5C0C-43E5-8FC0-85327DE83754}.Debug|x64.Build.0 = Debug|Any CPU
		{B0677E8C-5C0C-43E5-8FC0-85327DE83754}.Debug|x86.ActiveCfg = Debug|Any CPU
		{B0677E8C-5C0C-43E5-8FC0-85327DE83754}.Debug|x86.Build.0 = Debug|Any CPU
		{B0677E8C-5C0C-43E5-8FC0-85327DE83754}.Release|Any CPU.ActiveCfg = Release|Any CPU
		{B0677E8C-5C0C-43E5-8FC0-85327DE83754}.Release|Any CPU.Build.0 = Release|Any CPU
		{B0677E8C-5C0C-43E5-8FC0-85327DE83754}.Release|x64.ActiveCfg = Release|Any CPU
		{B0677E8C-5C0C-43E5-8FC0-85327DE83754}.Release|x64.Build.0 = Release|Any CPU
		{B0677E8C-5C0C-43E5-8FC0-85327DE83754}.Release|x86.ActiveCfg = Release|Any CPU
		{B0677E8C-5C0C-43E5-8FC0-85327DE83754}.Release|x86.Build.0 = Release|Any CPU
		{C1E849EF-88BC-4B59-ABC2-D1A4A6E0E5C9}.Debug|Any CPU.ActiveCfg = Debug|Any CPU
		{C1E849EF-88BC-4B59-ABC2-D1A4A6E0E5C9}.Debug|Any CPU.Build.0 = Debug|Any CPU
		{C1E849EF-88BC-4B59-ABC2-D1A4A6E0E5C9}.Debug|x64.ActiveCfg = Debug|Any CPU
		{C1E849EF-88BC-4B59-ABC2-D1A4A6E0E5C9}.Debug|x64.Build.0 = Debug|Any CPU
		{C1E849EF-88BC-4B59-ABC2-D1A4A6E0E5C9}.Debug|x86.ActiveCfg = Debug|Any CPU
		{C1E849EF-88BC-4B59-ABC2-D1A4A6E0E5C9}.Debug|x86.Build.0 = Debug|Any CPU
		{C1E849EF-88BC-4B59-ABC2-D1A4A6E0E5C9}.Release|Any CPU.ActiveCfg = Release|Any CPU
		{C1E849EF-88BC-4B59-ABC2-D1A4A6E0E5C9}.Release|Any CPU.Build.0 = Release|Any CPU
		{C1E849EF-88BC-4B59-ABC2-D1A4A6E0E5C9}.Release|x64.ActiveCfg = Release|Any CPU
		{C1E849EF-88BC-4B59-ABC2-D1A4A6E0E5C9}.Release|x64.Build.0 = Release|Any CPU
		{C1E849EF-88BC-4B59-ABC2-D1A4A6E0E5C9}.Release|x86.ActiveCfg = Release|Any CPU
		{C1E849EF-88BC-4B59-ABC2-D1A4A6E0E5C9}.Release|x86.Build.0 = Release|Any CPU
		{259D0BCD-C2D6-81E4-926D-011C8EEC23F8}.Debug|Any CPU.ActiveCfg = Debug|Any CPU
		{259D0BCD-C2D6-81E4-926D-011C8EEC23F8}.Debug|Any CPU.Build.0 = Debug|Any CPU
		{259D0BCD-C2D6-81E4-926D-011C8EEC23F8}.Debug|x64.ActiveCfg = Debug|Any CPU
		{259D0BCD-C2D6-81E4-926D-011C8EEC23F8}.Debug|x64.Build.0 = Debug|Any CPU
		{259D0BCD-C2D6-81E4-926D-011C8EEC23F8}.Debug|x86.ActiveCfg = Debug|Any CPU
		{259D0BCD-C2D6-81E4-926D-011C8EEC23F8}.Debug|x86.Build.0 = Debug|Any CPU
		{259D0BCD-C2D6-81E4-926D-011C8EEC23F8}.Release|Any CPU.ActiveCfg = Release|Any CPU
		{259D0BCD-C2D6-81E4-926D-011C8EEC23F8}.Release|Any CPU.Build.0 = Release|Any CPU
		{259D0BCD-C2D6-81E4-926D-011C8EEC23F8}.Release|x64.ActiveCfg = Release|Any CPU
		{259D0BCD-C2D6-81E4-926D-011C8EEC23F8}.Release|x64.Build.0 = Release|Any CPU
		{259D0BCD-C2D6-81E4-926D-011C8EEC23F8}.Release|x86.ActiveCfg = Release|Any CPU
		{259D0BCD-C2D6-81E4-926D-011C8EEC23F8}.Release|x86.Build.0 = Release|Any CPU
		{2A668CBF-7C24-9A0B-8C8B-FB80684E6A96}.Debug|Any CPU.ActiveCfg = Debug|Any CPU
		{2A668CBF-7C24-9A0B-8C8B-FB80684E6A96}.Debug|Any CPU.Build.0 = Debug|Any CPU
		{2A668CBF-7C24-9A0B-8C8B-FB80684E6A96}.Debug|x64.ActiveCfg = Debug|Any CPU
		{2A668CBF-7C24-9A0B-8C8B-FB80684E6A96}.Debug|x64.Build.0 = Debug|Any CPU
		{2A668CBF-7C24-9A0B-8C8B-FB80684E6A96}.Debug|x86.ActiveCfg = Debug|Any CPU
		{2A668CBF-7C24-9A0B-8C8B-FB80684E6A96}.Debug|x86.Build.0 = Debug|Any CPU
		{2A668CBF-7C24-9A0B-8C8B-FB80684E6A96}.Release|Any CPU.ActiveCfg = Release|Any CPU
		{2A668CBF-7C24-9A0B-8C8B-FB80684E6A96}.Release|Any CPU.Build.0 = Release|Any CPU
		{2A668CBF-7C24-9A0B-8C8B-FB80684E6A96}.Release|x64.ActiveCfg = Release|Any CPU
		{2A668CBF-7C24-9A0B-8C8B-FB80684E6A96}.Release|x64.Build.0 = Release|Any CPU
		{2A668CBF-7C24-9A0B-8C8B-FB80684E6A96}.Release|x86.ActiveCfg = Release|Any CPU
		{2A668CBF-7C24-9A0B-8C8B-FB80684E6A96}.Release|x86.Build.0 = Release|Any CPU
		{86844866-4873-A27E-CBBD-BC574D78EE72}.Debug|Any CPU.ActiveCfg = Debug|Any CPU
		{86844866-4873-A27E-CBBD-BC574D78EE72}.Debug|Any CPU.Build.0 = Debug|Any CPU
		{86844866-4873-A27E-CBBD-BC574D78EE72}.Debug|x64.ActiveCfg = Debug|Any CPU
		{86844866-4873-A27E-CBBD-BC574D78EE72}.Debug|x64.Build.0 = Debug|Any CPU
		{86844866-4873-A27E-CBBD-BC574D78EE72}.Debug|x86.ActiveCfg = Debug|Any CPU
		{86844866-4873-A27E-CBBD-BC574D78EE72}.Debug|x86.Build.0 = Debug|Any CPU
		{86844866-4873-A27E-CBBD-BC574D78EE72}.Release|Any CPU.ActiveCfg = Release|Any CPU
		{86844866-4873-A27E-CBBD-BC574D78EE72}.Release|Any CPU.Build.0 = Release|Any CPU
		{86844866-4873-A27E-CBBD-BC574D78EE72}.Release|x64.ActiveCfg = Release|Any CPU
		{86844866-4873-A27E-CBBD-BC574D78EE72}.Release|x64.Build.0 = Release|Any CPU
		{86844866-4873-A27E-CBBD-BC574D78EE72}.Release|x86.ActiveCfg = Release|Any CPU
		{86844866-4873-A27E-CBBD-BC574D78EE72}.Release|x86.Build.0 = Release|Any CPU
		{4DE584D9-253D-4CCC-B847-12A5E6699D34}.Debug|Any CPU.ActiveCfg = Debug|Any CPU
		{4DE584D9-253D-4CCC-B847-12A5E6699D34}.Debug|Any CPU.Build.0 = Debug|Any CPU
		{4DE584D9-253D-4CCC-B847-12A5E6699D34}.Debug|x64.ActiveCfg = Debug|Any CPU
		{4DE584D9-253D-4CCC-B847-12A5E6699D34}.Debug|x64.Build.0 = Debug|Any CPU
		{4DE584D9-253D-4CCC-B847-12A5E6699D34}.Debug|x86.ActiveCfg = Debug|Any CPU
		{4DE584D9-253D-4CCC-B847-12A5E6699D34}.Debug|x86.Build.0 = Debug|Any CPU
		{4DE584D9-253D-4CCC-B847-12A5E6699D34}.Release|Any CPU.ActiveCfg = Release|Any CPU
		{4DE584D9-253D-4CCC-B847-12A5E6699D34}.Release|Any CPU.Build.0 = Release|Any CPU
		{4DE584D9-253D-4CCC-B847-12A5E6699D34}.Release|x64.ActiveCfg = Release|Any CPU
		{4DE584D9-253D-4CCC-B847-12A5E6699D34}.Release|x64.Build.0 = Release|Any CPU
		{4DE584D9-253D-4CCC-B847-12A5E6699D34}.Release|x86.ActiveCfg = Release|Any CPU
		{4DE584D9-253D-4CCC-B847-12A5E6699D34}.Release|x86.Build.0 = Release|Any CPU
		{DCFD319A-E4CC-447D-BA8C-9540E6DFF379}.Debug|Any CPU.ActiveCfg = Debug|Any CPU
		{DCFD319A-E4CC-447D-BA8C-9540E6DFF379}.Debug|Any CPU.Build.0 = Debug|Any CPU
		{DCFD319A-E4CC-447D-BA8C-9540E6DFF379}.Debug|x64.ActiveCfg = Debug|Any CPU
		{DCFD319A-E4CC-447D-BA8C-9540E6DFF379}.Debug|x64.Build.0 = Debug|Any CPU
		{DCFD319A-E4CC-447D-BA8C-9540E6DFF379}.Debug|x86.ActiveCfg = Debug|Any CPU
		{DCFD319A-E4CC-447D-BA8C-9540E6DFF379}.Debug|x86.Build.0 = Debug|Any CPU
		{DCFD319A-E4CC-447D-BA8C-9540E6DFF379}.Release|Any CPU.ActiveCfg = Release|Any CPU
		{DCFD319A-E4CC-447D-BA8C-9540E6DFF379}.Release|Any CPU.Build.0 = Release|Any CPU
		{DCFD319A-E4CC-447D-BA8C-9540E6DFF379}.Release|x64.ActiveCfg = Release|Any CPU
		{DCFD319A-E4CC-447D-BA8C-9540E6DFF379}.Release|x64.Build.0 = Release|Any CPU
		{DCFD319A-E4CC-447D-BA8C-9540E6DFF379}.Release|x86.ActiveCfg = Release|Any CPU
		{DCFD319A-E4CC-447D-BA8C-9540E6DFF379}.Release|x86.Build.0 = Release|Any CPU
		{171D7F68-E332-4827-AC52-17DA97D4572A}.Debug|Any CPU.ActiveCfg = Debug|Any CPU
		{171D7F68-E332-4827-AC52-17DA97D4572A}.Debug|Any CPU.Build.0 = Debug|Any CPU
		{171D7F68-E332-4827-AC52-17DA97D4572A}.Debug|x64.ActiveCfg = Debug|Any CPU
		{171D7F68-E332-4827-AC52-17DA97D4572A}.Debug|x64.Build.0 = Debug|Any CPU
		{171D7F68-E332-4827-AC52-17DA97D4572A}.Debug|x86.ActiveCfg = Debug|Any CPU
		{171D7F68-E332-4827-AC52-17DA97D4572A}.Debug|x86.Build.0 = Debug|Any CPU
		{171D7F68-E332-4827-AC52-17DA97D4572A}.Release|Any CPU.ActiveCfg = Release|Any CPU
		{171D7F68-E332-4827-AC52-17DA97D4572A}.Release|Any CPU.Build.0 = Release|Any CPU
		{171D7F68-E332-4827-AC52-17DA97D4572A}.Release|x64.ActiveCfg = Release|Any CPU
		{171D7F68-E332-4827-AC52-17DA97D4572A}.Release|x64.Build.0 = Release|Any CPU
		{171D7F68-E332-4827-AC52-17DA97D4572A}.Release|x86.ActiveCfg = Release|Any CPU
		{171D7F68-E332-4827-AC52-17DA97D4572A}.Release|x86.Build.0 = Release|Any CPU
		{CFC1D768-E8CF-419F-90B1-875916D09DD9}.Debug|Any CPU.ActiveCfg = Debug|Any CPU
		{CFC1D768-E8CF-419F-90B1-875916D09DD9}.Debug|Any CPU.Build.0 = Debug|Any CPU
		{CFC1D768-E8CF-419F-90B1-875916D09DD9}.Debug|x64.ActiveCfg = Debug|Any CPU
		{CFC1D768-E8CF-419F-90B1-875916D09DD9}.Debug|x64.Build.0 = Debug|Any CPU
		{CFC1D768-E8CF-419F-90B1-875916D09DD9}.Debug|x86.ActiveCfg = Debug|Any CPU
		{CFC1D768-E8CF-419F-90B1-875916D09DD9}.Debug|x86.Build.0 = Debug|Any CPU
		{CFC1D768-E8CF-419F-90B1-875916D09DD9}.Release|Any CPU.ActiveCfg = Release|Any CPU
		{CFC1D768-E8CF-419F-90B1-875916D09DD9}.Release|Any CPU.Build.0 = Release|Any CPU
		{CFC1D768-E8CF-419F-90B1-875916D09DD9}.Release|x64.ActiveCfg = Release|Any CPU
		{CFC1D768-E8CF-419F-90B1-875916D09DD9}.Release|x64.Build.0 = Release|Any CPU
		{CFC1D768-E8CF-419F-90B1-875916D09DD9}.Release|x86.ActiveCfg = Release|Any CPU
		{CFC1D768-E8CF-419F-90B1-875916D09DD9}.Release|x86.Build.0 = Release|Any CPU
		{F3FD3C43-4569-4100-8D70-46A0509741FE}.Debug|Any CPU.ActiveCfg = Debug|Any CPU
		{F3FD3C43-4569-4100-8D70-46A0509741FE}.Debug|Any CPU.Build.0 = Debug|Any CPU
		{F3FD3C43-4569-4100-8D70-46A0509741FE}.Debug|x64.ActiveCfg = Debug|Any CPU
		{F3FD3C43-4569-4100-8D70-46A0509741FE}.Debug|x64.Build.0 = Debug|Any CPU
		{F3FD3C43-4569-4100-8D70-46A0509741FE}.Debug|x86.ActiveCfg = Debug|Any CPU
		{F3FD3C43-4569-4100-8D70-46A0509741FE}.Debug|x86.Build.0 = Debug|Any CPU
		{F3FD3C43-4569-4100-8D70-46A0509741FE}.Release|Any CPU.ActiveCfg = Release|Any CPU
		{F3FD3C43-4569-4100-8D70-46A0509741FE}.Release|Any CPU.Build.0 = Release|Any CPU
		{F3FD3C43-4569-4100-8D70-46A0509741FE}.Release|x64.ActiveCfg = Release|Any CPU
		{F3FD3C43-4569-4100-8D70-46A0509741FE}.Release|x64.Build.0 = Release|Any CPU
		{F3FD3C43-4569-4100-8D70-46A0509741FE}.Release|x86.ActiveCfg = Release|Any CPU
		{F3FD3C43-4569-4100-8D70-46A0509741FE}.Release|x86.Build.0 = Release|Any CPU
		{FC2C5C33-9671-4F16-9D1C-D802D1A21D14}.Debug|Any CPU.ActiveCfg = Debug|Any CPU
		{FC2C5C33-9671-4F16-9D1C-D802D1A21D14}.Debug|Any CPU.Build.0 = Debug|Any CPU
		{FC2C5C33-9671-4F16-9D1C-D802D1A21D14}.Debug|x64.ActiveCfg = Debug|Any CPU
		{FC2C5C33-9671-4F16-9D1C-D802D1A21D14}.Debug|x64.Build.0 = Debug|Any CPU
		{FC2C5C33-9671-4F16-9D1C-D802D1A21D14}.Debug|x86.ActiveCfg = Debug|Any CPU
		{FC2C5C33-9671-4F16-9D1C-D802D1A21D14}.Debug|x86.Build.0 = Debug|Any CPU
		{FC2C5C33-9671-4F16-9D1C-D802D1A21D14}.Release|Any CPU.ActiveCfg = Release|Any CPU
		{FC2C5C33-9671-4F16-9D1C-D802D1A21D14}.Release|Any CPU.Build.0 = Release|Any CPU
		{FC2C5C33-9671-4F16-9D1C-D802D1A21D14}.Release|x64.ActiveCfg = Release|Any CPU
		{FC2C5C33-9671-4F16-9D1C-D802D1A21D14}.Release|x64.Build.0 = Release|Any CPU
		{FC2C5C33-9671-4F16-9D1C-D802D1A21D14}.Release|x86.ActiveCfg = Release|Any CPU
		{FC2C5C33-9671-4F16-9D1C-D802D1A21D14}.Release|x86.Build.0 = Release|Any CPU
		{5E454E46-6E52-9BA6-D58B-81A346FEB6F4}.Debug|Any CPU.ActiveCfg = Debug|Any CPU
		{5E454E46-6E52-9BA6-D58B-81A346FEB6F4}.Debug|Any CPU.Build.0 = Debug|Any CPU
		{5E454E46-6E52-9BA6-D58B-81A346FEB6F4}.Debug|x64.ActiveCfg = Debug|Any CPU
		{5E454E46-6E52-9BA6-D58B-81A346FEB6F4}.Debug|x64.Build.0 = Debug|Any CPU
		{5E454E46-6E52-9BA6-D58B-81A346FEB6F4}.Debug|x86.ActiveCfg = Debug|Any CPU
		{5E454E46-6E52-9BA6-D58B-81A346FEB6F4}.Debug|x86.Build.0 = Debug|Any CPU
		{5E454E46-6E52-9BA6-D58B-81A346FEB6F4}.Release|Any CPU.ActiveCfg = Release|Any CPU
		{5E454E46-6E52-9BA6-D58B-81A346FEB6F4}.Release|Any CPU.Build.0 = Release|Any CPU
		{5E454E46-6E52-9BA6-D58B-81A346FEB6F4}.Release|x64.ActiveCfg = Release|Any CPU
		{5E454E46-6E52-9BA6-D58B-81A346FEB6F4}.Release|x64.Build.0 = Release|Any CPU
		{5E454E46-6E52-9BA6-D58B-81A346FEB6F4}.Release|x86.ActiveCfg = Release|Any CPU
		{5E454E46-6E52-9BA6-D58B-81A346FEB6F4}.Release|x86.Build.0 = Release|Any CPU
		{2D833FE9-0817-4187-A4A2-8B30E6D5B0E3}.Debug|Any CPU.ActiveCfg = Debug|Any CPU
		{2D833FE9-0817-4187-A4A2-8B30E6D5B0E3}.Debug|Any CPU.Build.0 = Debug|Any CPU
		{2D833FE9-0817-4187-A4A2-8B30E6D5B0E3}.Debug|x64.ActiveCfg = Debug|Any CPU
		{2D833FE9-0817-4187-A4A2-8B30E6D5B0E3}.Debug|x64.Build.0 = Debug|Any CPU
		{2D833FE9-0817-4187-A4A2-8B30E6D5B0E3}.Debug|x86.ActiveCfg = Debug|Any CPU
		{2D833FE9-0817-4187-A4A2-8B30E6D5B0E3}.Debug|x86.Build.0 = Debug|Any CPU
		{2D833FE9-0817-4187-A4A2-8B30E6D5B0E3}.Release|Any CPU.ActiveCfg = Release|Any CPU
		{2D833FE9-0817-4187-A4A2-8B30E6D5B0E3}.Release|Any CPU.Build.0 = Release|Any CPU
		{2D833FE9-0817-4187-A4A2-8B30E6D5B0E3}.Release|x64.ActiveCfg = Release|Any CPU
		{2D833FE9-0817-4187-A4A2-8B30E6D5B0E3}.Release|x64.Build.0 = Release|Any CPU
		{2D833FE9-0817-4187-A4A2-8B30E6D5B0E3}.Release|x86.ActiveCfg = Release|Any CPU
		{2D833FE9-0817-4187-A4A2-8B30E6D5B0E3}.Release|x86.Build.0 = Release|Any CPU
		{6D8969C5-2391-4FFE-AAD6-1F41FF814A97}.Debug|Any CPU.ActiveCfg = Debug|Any CPU
		{6D8969C5-2391-4FFE-AAD6-1F41FF814A97}.Debug|Any CPU.Build.0 = Debug|Any CPU
		{6D8969C5-2391-4FFE-AAD6-1F41FF814A97}.Debug|x64.ActiveCfg = Debug|Any CPU
		{6D8969C5-2391-4FFE-AAD6-1F41FF814A97}.Debug|x64.Build.0 = Debug|Any CPU
		{6D8969C5-2391-4FFE-AAD6-1F41FF814A97}.Debug|x86.ActiveCfg = Debug|Any CPU
		{6D8969C5-2391-4FFE-AAD6-1F41FF814A97}.Debug|x86.Build.0 = Debug|Any CPU
		{6D8969C5-2391-4FFE-AAD6-1F41FF814A97}.Release|Any CPU.ActiveCfg = Release|Any CPU
		{6D8969C5-2391-4FFE-AAD6-1F41FF814A97}.Release|Any CPU.Build.0 = Release|Any CPU
		{6D8969C5-2391-4FFE-AAD6-1F41FF814A97}.Release|x64.ActiveCfg = Release|Any CPU
		{6D8969C5-2391-4FFE-AAD6-1F41FF814A97}.Release|x64.Build.0 = Release|Any CPU
		{6D8969C5-2391-4FFE-AAD6-1F41FF814A97}.Release|x86.ActiveCfg = Release|Any CPU
		{6D8969C5-2391-4FFE-AAD6-1F41FF814A97}.Release|x86.Build.0 = Release|Any CPU
	EndGlobalSection
	GlobalSection(SolutionProperties) = preSolution
		HideSolutionNode = FALSE
	EndGlobalSection
	GlobalSection(ExtensibilityGlobals) = postSolution
		SolutionGuid = {DA9AB77C-0B61-41A8-BC0B-6A5D35EF56B4}
	EndGlobalSection
EndGlobal
