{
  "version": 1,
  "dependencies": {
    "net8.0": {
      "Elastic.Clients.Elasticsearch": {
        "type": "Direct",
        "requested": "(, )",
        "resolved": "8.0.0",
        "contentHash": "WX3oSg70vfDp2aSroEMFlbZsJafE81NNXCKBqIKjmwkB/ngY7GT+l06Da1lpCtZYwbIgtzAJRE63Yo9/fTwvbA==",
        "dependencies": {
          "Elastic.Transport": "0.4.3"
        }
      },
      "Microsoft.Extensions.Hosting": {
        "type": "Direct",
        "requested": "(, )",
        "resolved": "2.1.0",
        "contentHash": "nqOrLtBqpwRT006vdQ2Vp87uiuYztiZcZAndFqH91ZH4SQgr8wImCVQwzUgTxx1DSrpIW765+xrZTZqsoGtvqg==",
        "dependencies": {
          "Microsoft.Extensions.Configuration": "2.1.0",
          "Microsoft.Extensions.DependencyInjection": "2.1.0",
          "Microsoft.Extensions.FileProviders.Physical": "2.1.0",
          "Microsoft.Extensions.Hosting.Abstractions": "2.1.0",
          "Microsoft.Extensions.Logging": "2.1.0"
        }
      },
      "Microsoft.SemanticKernel.Connectors.AzureOpenAI": {
        "type": "Direct",
        "requested": "(, )",
        "resolved": "1.18.2",
        "contentHash": "E07/7YsQmxPlJ/eDiiWlQWUpSpyOnFaOBU0QmeSGT87bw1OneKYdseS/GSHDM6wcyoSAgZNqs0lxfvgMNyn5XA==",
        "dependencies": {
          "Azure.AI.OpenAI": "2.0.0-beta.4",
          "Microsoft.SemanticKernel.Connectors.OpenAI": "1.18.2",
          "Microsoft.SemanticKernel.Core": "1.18.2"
        }
      },
      "Microsoft.SemanticKernel.PromptTemplates.Handlebars": {
        "type": "Direct",
        "requested": "(, )",
        "resolved": "1.0.1",
        "contentHash": "FjEgiQNkfZzp4jYEPClVbg4WtSRE0BLyjJEZexqf1wWID6PDbOviCUeqZgPU+HU8XErxLLak5N1Bt6uwvF9yPA==",
        "dependencies": {
          "Handlebars.Net": "2.1.4",
          "Handlebars.Net.Helpers": "2.4.1",
          "Microsoft.SemanticKernel.Core": "1.0.1"
        }
      },
      "Azure.AI.OpenAI": {
        "type": "Transitive",
        "resolved": "2.0.0-beta.4",
        "contentHash": "0d3f8KIGv7W3JvQ6nIWHCE6LnLRc9KS9tXZcw+p82y6Zx3hWNzqOgwWWR0cStuHJnte4Sh0PcpBmhuFqjADqjA==",
        "dependencies": {
          "Azure.Core": "1.42.0",
          "OpenAI": "2.0.0-beta.10"
        }
      },
      "Azure.Core": {
        "type": "Transitive",
        "resolved": "1.42.0",
        "contentHash": "Fg88OsrjD2nAvz3N0pk2d/AwIHQRrs9CjA9A35OW1YgYhMo0OTz4WkntQK6V2tf84g7SnfJM8ORcZl+bH6P9Cg==",
        "dependencies": {
          "Microsoft.Bcl.AsyncInterfaces": "6.0.0",
          "System.ClientModel": "1.0.0",
          "System.Diagnostics.DiagnosticSource": "6.0.1",
          "System.Memory.Data": "1.0.2",
          "System.Numerics.Vectors": "4.5.0",
          "System.Text.Encodings.Web": "6.0.0",
          "System.Text.Json": "4.7.2",
          "System.Threading.Tasks.Extensions": "4.5.4"
        }
      },
      "Elastic.Transport": {
        "type": "Transitive",
        "resolved": "0.4.3",
        "contentHash": "U4yHxScZG7YMDJJ9KGGWfhNx543NQmWlNPILyrd5UF0VMFfjuTZ+RXtWRCX8xMrqcSl4pUBKE+G4GoIVA65ZUQ==",
        "dependencies": {
          "Microsoft.CSharp": "4.7.0",
          "System.Buffers": "4.5.1",
          "System.Diagnostics.DiagnosticSource": "5.0.1",
          "System.Text.Json": "6.0.0"
        }
      },
      "Handlebars.Net": {
        "type": "Transitive",
        "resolved": "2.1.4",
        "contentHash": "Od7MWDfGxYKRtxETFMlcvCrY8hAqyuXZDX4EsOfiI/jzh+PVBuVxazHBC1HmVqTKX1JnRtoxIMcH95K9UFlYog==",
        "dependencies": {
          "Microsoft.CSharp": "4.7.0"
        }
      },
      "Handlebars.Net.Helpers": {
        "type": "Transitive",
        "resolved": "2.4.1",
        "contentHash": "L6LccnbFvSiruhkTfKaDXgITuWTKAPWh/q6mgf8BmTjCFrM9nhAG7vO+4HEAGsEl6Yr+PYw+JU0Ufgm/ciDFBg==",
        "dependencies": {
          "Handlebars.Net.Helpers.Core": "2.4.1"
        }
      },
      "Handlebars.Net.Helpers.Core": {
        "type": "Transitive",
        "resolved": "2.4.1",
        "contentHash": "urqv+irvEFb9BlhBmh7eN3Kxp+RDK5Lv/49ooDiU37apCbLDpxHneMq5XcWahslWF7hUr3MGVZFchxmSnnlIlw==",
        "dependencies": {
          "Handlebars.Net": "2.1.4",
          "Stef.Validation": "0.1.1"
        }
      },
      "Microsoft.Bcl.AsyncInterfaces": {
        "type": "Transitive",
        "resolved": "8.0.0",
        "contentHash": "3WA9q9yVqJp222P3x1wYIGDAkpjAku0TMUaaQV22g6L67AI0LdOIrVS7Ht2vJfLHGSPVuqN94vIr15qn+HEkHw=="
      },
      "Microsoft.Bcl.HashCode": {
        "type": "Transitive",
        "resolved": "1.1.1",
        "contentHash": "MalY0Y/uM/LjXtHfX/26l2VtN4LDNZ2OE3aumNOHDLsT4fNYy2hiHXI4CXCqKpNUNm7iJ2brrc4J89UdaL56FA=="
      },
      "Microsoft.CSharp": {
        "type": "Transitive",
        "resolved": "4.7.0",
        "contentHash": "pTj+D3uJWyN3My70i2Hqo+OXixq3Os2D1nJ2x92FFo6sk8fYS1m1WLNTs0Dc1uPaViH0YvEEwvzddQ7y4rhXmA=="
      },
      "Microsoft.Extensions.AI.Abstractions": {
        "type": "Transitive",
        "resolved": "9.0.0-preview.9.24525.1",
        "contentHash": "b5EntLa7aYjui129KSWQRZpXgUNn6l5G9OYQwVFlDXPiADMcmMEJCveD3BDBDxSbt1jkhIYs0eGuYKM0mXVkFw=="
      },
      "Microsoft.Extensions.Configuration": {
        "type": "Transitive",
        "resolved": "2.1.0",
        "contentHash": "SS8ce1GYQTkZoOq5bskqQ+m7xiXQjnKRiGfVNZkkX2SX0HpXNRsKnSUaywRRuCje3v2KT9xeacsM3J9/G2exsQ==",
        "dependencies": {
          "Microsoft.Extensions.Configuration.Abstractions": "2.1.0"
        }
      },
      "Microsoft.Extensions.Configuration.Abstractions": {
        "type": "Transitive",
        "resolved": "2.1.0",
        "contentHash": "lMmUjAKvY9r6QmxCS15iSb6ulhwnh0zp44NtnVJ+HIDLFmu4iej41U+dU58On8NRezmlgRXiQtLnBeZSzYNKQg==",
        "dependencies": {
          "Microsoft.Extensions.Primitives": "2.1.0"
        }
      },
      "Microsoft.Extensions.Configuration.Binder": {
        "type": "Transitive",
        "resolved": "2.1.0",
        "contentHash": "Fls0O54Ielz1DiVYpcmiUpeizN1iKGGI5yAWAoShfmUvMcQ8jAGOK1a+DaflHA5hN9IOKvmSos0yewDYAIY0ZA==",
        "dependencies": {
          "Microsoft.Extensions.Configuration": "2.1.0"
        }
      },
      "Microsoft.Extensions.DependencyInjection": {
        "type": "Transitive",
        "resolved": "8.0.0",
        "contentHash": "V8S3bsm50ig6JSyrbcJJ8bW2b9QLGouz+G1miK3UTaOWmMtFwNNNzUf4AleyDWUmTrWMLNnFSLEQtxmxgNQnNQ==",
        "dependencies": {
          "Microsoft.Extensions.DependencyInjection.Abstractions": "8.0.0"
        }
      },
      "Microsoft.Extensions.DependencyInjection.Abstractions": {
        "type": "Transitive",
        "resolved": "8.0.2",
        "contentHash": "3iE7UF7MQkCv1cxzCahz+Y/guQbTqieyxyaWKhrRO91itI9cOKO76OHeQDahqG4MmW5umr3CcCvGmK92lWNlbg=="
      },
      "Microsoft.Extensions.FileProviders.Abstractions": {
        "type": "Transitive",
        "resolved": "2.1.0",
        "contentHash": "itv+7XBu58pxi8mykxx9cUO1OOVYe0jmQIZVSZVp5lOcLxB7sSV2bnHiI1RSu6Nxne/s6+oBla3ON5CCMSmwhQ==",
        "dependencies": {
          "Microsoft.Extensions.Primitives": "2.1.0"
        }
      },
      "Microsoft.Extensions.FileProviders.Physical": {
        "type": "Transitive",
        "resolved": "2.1.0",
        "contentHash": "A9xLomqD4tNFqDfleapx2C14ZcSjCTzn/4Od0W/wBYdlLF2tYDJ204e75HjpWDVTkr03kgdZbM3QZ6ZeDsrBYg==",
        "dependencies": {
          "Microsoft.Extensions.FileProviders.Abstractions": "2.1.0",
          "Microsoft.Extensions.FileSystemGlobbing": "2.1.0"
        }
      },
      "Microsoft.Extensions.FileSystemGlobbing": {
        "type": "Transitive",
        "resolved": "2.1.0",
        "contentHash": "JEwwhwbVTEXJu4W4l/FFx7FG9Fh5R8999mZl6qJImjM/LY4DxQsFYzpSkziMdY022n7TQpNUxJlH9bKZc7TqWw=="
      },
      "Microsoft.Extensions.Hosting.Abstractions": {
        "type": "Transitive",
        "resolved": "2.1.0",
        "contentHash": "BpMaoBxdXr5VD0yk7rYN6R8lAU9X9JbvsPveNdKT+llIn3J5s4sxpWqaSG/NnzTzTLU5eJE5nrecTl7clg/7dQ==",
        "dependencies": {
          "Microsoft.Extensions.Configuration.Abstractions": "2.1.0",
          "Microsoft.Extensions.DependencyInjection.Abstractions": "2.1.0",
          "Microsoft.Extensions.FileProviders.Abstractions": "2.1.0",
          "Microsoft.Extensions.Logging.Abstractions": "2.1.0"
        }
      },
      "Microsoft.Extensions.Logging": {
        "type": "Transitive",
        "resolved": "2.1.0",
        "contentHash": "kuZbZMMHb7ibzhLdn9/R1+PAAFKntlF10tOw4loB8VuQkHvSrBE6IzW1rhBLsEdmLXOgi2zFbwcXFrxzSM6ybA==",
        "dependencies": {
          "Microsoft.Extensions.Configuration.Binder": "2.1.0",
          "Microsoft.Extensions.DependencyInjection.Abstractions": "2.1.0",
          "Microsoft.Extensions.Logging.Abstractions": "2.1.0",
          "Microsoft.Extensions.Options": "2.1.0"
        }
      },
      "Microsoft.Extensions.Logging.Abstractions": {
        "type": "Transitive",
        "resolved": "8.0.2",
        "contentHash": "nroMDjS7hNBPtkZqVBbSiQaQjWRDxITI8Y7XnDs97rqG3EbzVTNLZQf7bIeUJcaHOV8bca47s1Uxq94+2oGdxA==",
        "dependencies": {
          "Microsoft.Extensions.DependencyInjection.Abstractions": "8.0.2"
        }
      },
      "Microsoft.Extensions.Options": {
        "type": "Transitive",
        "resolved": "2.1.0",
        "contentHash": "VOM1pPMi9+7/4Vc9aPLU8btHOBQy1+AvpqxLxFI2OVtqGv+1klPaV59g9R6aSt2U7ijfB3TjvAO4Tc/cn9/hxA==",
        "dependencies": {
          "Microsoft.Extensions.DependencyInjection.Abstractions": "2.1.0",
          "Microsoft.Extensions.Primitives": "2.1.0"
        }
      },
      "Microsoft.Extensions.Primitives": {
        "type": "Transitive",
        "resolved": "2.1.0",
        "contentHash": "gMwH6wgWOPfyfLfMLEP+ZF7/MSJq35e0xxKEYUjt8veEznY45nBVqdfI876+9SFQq2ChcqKf2UyYc2XYj2v27w==",
        "dependencies": {
          "System.Memory": "4.5.0",
          "System.Runtime.CompilerServices.Unsafe": "4.5.0"
        }
      },
      "Microsoft.Extensions.VectorData.Abstractions": {
        "type": "Transitive",
        "resolved": "9.0.0-preview.1.24523.1",
        "contentHash": "5TUbyFZN8v2eWQXwF7WyAAHCW+OMdsmEVEWw1N1J7L5xA25UD0BtUXxO1kc8Nzkc6c1YGN/NwarySgiY84ALlg=="
      },
      "Microsoft.SemanticKernel.Abstractions": {
        "type": "Transitive",
        "resolved": "1.30.0",
        "contentHash": "JYac6hAUjqenVdfxqgW63/raaBqpk30cScmUg1ibuMY8CD56b1zgQ8pM35dQMY9sbLlWP+SuPNtWAn+gQl19Og==",
        "dependencies": {
          "Microsoft.Bcl.AsyncInterfaces": "8.0.0",
          "Microsoft.Bcl.HashCode": "1.1.1",
          "Microsoft.Extensions.AI.Abstractions": "9.0.0-preview.9.24525.1",
          "Microsoft.Extensions.DependencyInjection.Abstractions": "8.0.2",
          "Microsoft.Extensions.Logging.Abstractions": "8.0.2",
          "Microsoft.Extensions.VectorData.Abstractions": "9.0.0-preview.1.24523.1",
          "System.Diagnostics.DiagnosticSource": "8.0.1",
          "System.Text.Json": "8.0.5"
        }
      },
      "Microsoft.SemanticKernel.Connectors.OpenAI": {
        "type": "Transitive",
        "resolved": "1.18.2",
        "contentHash": "jJ7Z5/vaYelh48F6y0TSYqZqALeJXX+BMhfSGYd26fZmgjpKVeWHiSw86y42aBxMcHJeNQT+/Z99ZP8DL6Jzdw==",
        "dependencies": {
          "Microsoft.SemanticKernel.Core": "1.18.2",
          "OpenAI": "2.0.0-beta.10",
          "System.ClientModel": "1.1.0-beta.7"
        }
      },
      "Microsoft.SemanticKernel.Core": {
        "type": "Transitive",
        "resolved": "1.18.2",
        "contentHash": "ucGMpUuBijQ6tKWyIGaMaJjHi4YkEw8YMD449gEdBvyy2PBK6DvgpmlJ0Wi+5sQl7PrbWg4yS8UUmEdIWVYAEg==",
        "dependencies": {
          "Microsoft.Extensions.DependencyInjection": "8.0.0",
          "Microsoft.SemanticKernel.Abstractions": "1.18.2"
        }
      },
      "MinVer": {
        "type": "Transitive",
        "resolved": "6.0.0",
        "contentHash": "+/SsmiySsXJlvQLCGBqaZKNVt3s/Y/HbAdwtop7Km2CnuZbaScoqkWJEBQ5Cy9ebkn6kCYKrHsXgwrFdTgcb3g=="
      },
      "OpenAI": {
        "type": "Transitive",
        "resolved": "2.0.0-beta.10",
        "contentHash": "nZFArAaILxLPwCPjzXarb7iDdtUz0VkZ7QYAGjZ4rr4b2bVXQtfaBoGqlvdxxPaalNSD++vQqCP1iTHsUXbhJg==",
        "dependencies": {
          "System.ClientModel": "1.1.0-beta.5",
          "System.Diagnostics.DiagnosticSource": "6.0.1"
        }
      },
      "Stef.Validation": {
        "type": "Transitive",
        "resolved": "0.1.1",
        "contentHash": "Qecz9CHwt32dAU7MYWINU6QCRZ1B0/anPxzyEJGos9osyMhjrv6C+OZIl3Wl3kLtllu9cGaptTD6nOhW1rMlZw=="
      },
      "System.Buffers": {
        "type": "Transitive",
        "resolved": "4.5.1",
        "contentHash": "Rw7ijyl1qqRS0YQD/WycNst8hUUMgrMH4FCn1nNm27M4VxchZ1js3fVjQaANHO5f3sN4isvP4a+Met9Y4YomAg=="
      },
      "System.ClientModel": {
        "type": "Transitive",
        "resolved": "1.1.0-beta.7",
        "contentHash": "sXCvFecMpW2ir1raJd9cNBxi+tmt+nMcRVrpSIX/QvLJi45mEjX54iwnlLJhybxTkxmecSXuANQsh6a9fEspbA==",
        "dependencies": {
          "System.Memory.Data": "1.0.2",
          "System.Text.Json": "4.7.2"
        }
      },
      "System.Diagnostics.DiagnosticSource": {
        "type": "Transitive",
        "resolved": "8.0.1",
        "contentHash": "vaoWjvkG1aenR2XdjaVivlCV9fADfgyhW5bZtXT23qaEea0lWiUljdQuze4E31vKM7ZWJaSUsbYIKE3rnzfZUg=="
      },
      "System.Memory": {
        "type": "Transitive",
        "resolved": "4.5.0",
        "contentHash": "m0psCSpUxTGfvwyO0i03ajXVhgBqyXlibXz0Mo1dtKGjaHrXFLnuQ8rNBTmWRqbfRjr4eC6Wah4X5FfuFDu5og=="
      },
      "System.Memory.Data": {
        "type": "Transitive",
        "resolved": "1.0.2",
        "contentHash": "JGkzeqgBsiZwKJZ1IxPNsDFZDhUvuEdX8L8BDC8N3KOj+6zMcNU28CNN59TpZE/VJYy9cP+5M+sbxtWJx3/xtw==",
        "dependencies": {
          "System.Text.Encodings.Web": "4.7.2",
          "System.Text.Json": "4.6.0"
        }
      },
      "System.Numerics.Vectors": {
        "type": "Transitive",
        "resolved": "4.5.0",
        "contentHash": "QQTlPTl06J/iiDbJCiepZ4H//BVraReU4O4EoRw1U02H5TLUIT7xn3GnDp9AXPSlJUDyFs4uWjWafNX6WrAojQ=="
      },
      "System.Runtime.CompilerServices.Unsafe": {
        "type": "Transitive",
        "resolved": "6.0.0",
        "contentHash": "/iUeP3tq1S0XdNNoMz5C9twLSrM/TH+qElHkXWaPvuNOt+99G75NrV0OS2EqHx5wMN7popYjpc8oTjC1y16DLg=="
      },
      "System.Text.Encodings.Web": {
        "type": "Transitive",
        "resolved": "6.0.0",
        "contentHash": "Vg8eB5Tawm1IFqj4TVK1czJX89rhFxJo9ELqc/Eiq0eXy13RK00eubyU6TJE6y+GQXjyV5gSfiewDUZjQgSE0w==",
        "dependencies": {
          "System.Runtime.CompilerServices.Unsafe": "6.0.0"
        }
      },
      "System.Text.Json": {
        "type": "Transitive",
        "resolved": "8.0.5",
        "contentHash": "0f1B50Ss7rqxXiaBJyzUu9bWFOO2/zSlifZ/UNMdiIpDYe4cY4LQQicP4nirK1OS31I43rn062UIJ1Q9bpmHpg=="
      },
      "System.Threading.Tasks.Extensions": {
        "type": "Transitive",
        "resolved": "4.5.4",
        "contentHash": "zteT+G8xuGu6mS+mzDzYXbzS7rd3K6Fjb9RiZlYlJPam2/hU7JCBZBVEcywNuR+oZ1ncTvc/cq0faRr3P01OVg=="
      },
      "elastic.semantickernel.connectors.elasticsearch": {
        "type": "Project",
        "dependencies": {
          "Elastic.Clients.Elasticsearch": "[8.16.2, )",
          "Microsoft.SemanticKernel.Abstractions": "[1.30.0, )",
          "MinVer": "[6.0.0, )",
          "System.Text.Json": "[8.0.5, )"
        }
      }
    }
  }
}